
Microsoft Visual Studio Solution File, Format Version 11.00
# Visual C++ Express 2010
Project("{8BC9CEB8-8B4A-11D0-8D11-00A0C91BC942}") = "Game Project", "Game Project\Game Project.vcxproj", "{BEBC1C69-CB49-4D6E-A17C-A1C760E2CCDC}"
EndProject
Global
	GlobalSection(SolutionConfigurationPlatforms) = preSolution
		Debug|Win32 = Debug|Win32
		Release|Win32 = Release|Win32
	EndGlobalSection
	GlobalSection(ProjectConfigurationPlatforms) = postSolution
		{BEBC1C69-CB49-4D6E-A17C-A1C760E2CCDC}.Debug|Win32.ActiveCfg = Debug|Win32
		{BEBC1C69-CB49-4D6E-A17C-A1C760E2CCDC}.Debug|Win32.Build.0 = Debug|Win32
		{BEBC1C69-CB49-4D6E-A17C-A1C760E2CCDC}.Release|Win32.ActiveCfg = Release|Win32
		{BEBC1C69-CB49-4D6E-A17C-A1C760E2CCDC}.Release|Win32.Build.0 = Release|Win32
	EndGlobalSection
	GlobalSection(SolutionProperties) = preSolution
		HideSolutionNode = FALSE
	EndGlobalSection
EndGlobal
